<?xml version="1.0" encoding="utf-8"?>
<Project ToolsVersion="4.0" xmlns="http://schemas.microsoft.com/developer/msbuild/2003">
  <ItemGroup>
    <Filter Include="Source Files">
      <UniqueIdentifier>{4FC737F1-C7A5-4376-A066-2A32D752A2FF}</UniqueIdentifier>
      <Extensions>cpp;c;cc;cxx;def;odl;idl;hpj;bat;asm;asmx</Extensions>
    </Filter>
    <Filter Include="Header Files">
      <UniqueIdentifier>{93995380-89BD-4b04-88EB-625FBE52EBFB}</UniqueIdentifier>
      <Extensions>h;hh;hpp;hxx;hm;inl;inc;xsd</Extensions>
    </Filter>
    <Filter Include="Resource Files">
      <UniqueIdentifier>{67DA6AB6-F800-4c08-8B7A-83BB121AAD01}</UniqueIdentifier>
      <Extensions>rc;ico;cur;bmp;dlg;rc2;rct;bin;rgs;gif;jpg;jpeg;jpe;resx;tiff;tif;png;wav;mfcribbon-ms</Extensions>
    </Filter>
  </ItemGroup>
  <ItemGroup>
    <ClCompile Include="main.cpp">
      <Filter>Source Files</Filter>
    </ClCompile>
    <ClCompile Include="GameObject.cpp">
      <Filter>Source Files</Filter>
    </ClCompile>
    <ClCompile Include="tinyxml2.cpp">
      <Filter>Source Files</Filter>
    </ClCompile>
    <ClCompile Include="MapLoader.cpp">
      <Filter>Source Files</Filter>
    </ClCompile>
    <ClCompile Include="XMLSerialization.cpp">
      <Filter>Source Files</Filter>
    </ClCompile>
    <ClCompile Include="Mover.cpp">
      <Filter>Source Files</Filter>
    </ClCompile>
    <ClCompile Include="EventReceiver.cpp">
      <Filter>Source Files</Filter>
    </ClCompile>
    <ClCompile Include="ObjectCreator.cpp">
      <Filter>Source Files</Filter>
    </ClCompile>
    <ClCompile Include="ObjectComponant.cpp">
      <Filter>Source Files</Filter>
    </ClCompile>
    <ClCompile Include="XMLBaseClasses.cpp">
      <Filter>Source Files</Filter>
    </ClCompile>
    <ClCompile Include="MoveForward.cpp">
      <Filter>Source Files</Filter>
    </ClCompile>
    <ClCompile Include="ScaleUp.cpp">
      <Filter>Source Files</Filter>
    </ClCompile>
    <ClCompile Include="A.cpp">
      <Filter>Source Files</Filter>
    </ClCompile>
    <ClCompile Include="PlayMusic.cpp">
      <Filter>Source Files</Filter>
    </ClCompile>
  </ItemGroup>
  <ItemGroup>
    <ClInclude Include="GameObject.h">
      <Filter>Header Files</Filter>
    </ClInclude>
    <ClInclude Include="tinyxml2.h">
      <Filter>Header Files</Filter>
    </ClInclude>
    <ClInclude Include="MapLoader.h">
      <Filter>Header Files</Filter>
    </ClInclude>
    <ClInclude Include="XMLSerialization.h">
      <Filter>Header Files</Filter>
    </ClInclude>
    <ClInclude Include="Mover.h">
      <Filter>Header Files</Filter>
    </ClInclude>
    <ClInclude Include="EventReceiver.h">
      <Filter>Header Files</Filter>
    </ClInclude>
    <ClInclude Include="ObjectCreator.h">
      <Filter>Header Files</Filter>
    </ClInclude>
    <ClInclude Include="ObjectComponant.h">
      <Filter>Header Files</Filter>
    </ClInclude>
    <ClInclude Include="XMLBaseClasses.h">
      <Filter>Header Files</Filter>
    </ClInclude>
    <ClInclude Include="MoveForward.h">
      <Filter>Header Files</Filter>
    </ClInclude>
    <ClInclude Include="ScaleUp.h">
      <Filter>Header Files</Filter>
    </ClInclude>
    <ClInclude Include="Globals.h">
      <Filter>Header Files</Filter>
    </ClInclude>
    <ClInclude Include="PlayMusic.h">
      <Filter>Header Files</Filter>
    </ClInclude>
  </ItemGroup>
  <ItemGroup>
    <Image Include="..\..\..\Downloads\AnimatedModels\AnimatedModels\resources\sydney.bmp">
      <Filter>Resource Files</Filter>
    </Image>
  </ItemGroup>
  <ItemGroup>
    <None Include="..\..\..\Downloads\AnimatedModels\AnimatedModels\resources\sydney.md2" />
  </ItemGroup>
  <ItemGroup>
    <Xml Include="XMLGameObjects.xml" />
    <Xml Include="trees.xml">
      <Filter>Source Files</Filter>
    </Xml>
  </ItemGroup>
</Project>